
Microsoft Visual Studio Solution File, Format Version 12.00
# Visual Studio 14
VisualStudioVersion = 14.0.25123.0
MinimumVisualStudioVersion = 10.0.40219.1
Project("{2150E333-8FDC-42A3-9474-1A3956D46DE8}") = "src", "src", "{81A2D4BF-5C42-4DB9-8BC9-A1F1FCA7E009}"
EndProject
Project("{8BB2217D-0F2D-49D1-97BC-3654ED321F3B}") = "Stubbery", "src\Stubbery\Stubbery.xproj", "{BAA6A4A3-FFA0-4EAE-9D64-D6E24CF8B3E8}"
EndProject
Project("{2150E333-8FDC-42A3-9474-1A3956D46DE8}") = "test", "test", "{8DC01ED2-E4BF-4051-993E-6BCD60FCA453}"
EndProject
Project("{2150E333-8FDC-42A3-9474-1A3956D46DE8}") = "Solution Items", "Solution Items", "{AED33289-E986-401A-8013-DD0F725FCD3D}"
	ProjectSection(SolutionItems) = preProject
		global.json = global.json
	EndProjectSection
EndProject
Project("{8BB2217D-0F2D-49D1-97BC-3654ED321F3B}") = "Stubbery.IntegrationTests", "test\Stubbery.IntegrationTests\Stubbery.IntegrationTests.xproj", "{A3B909DA-A6DF-4FC6-9CAF-228E932916E7}"
EndProject
Project("{8BB2217D-0F2D-49D1-97BC-3654ED321F3B}") = "Microsoft.AspNetCore.Routing", "..\..\Github-public\Routing\src\Microsoft.AspNetCore.Routing\Microsoft.AspNetCore.Routing.xproj", "{1EE54D32-6CED-4206-ACF5-3DC1DD39D228}"
EndProject
Project("{8BB2217D-0F2D-49D1-97BC-3654ED321F3B}") = "Microsoft.AspNetCore.Routing.Abstractions", "..\..\Github-public\Routing\src\Microsoft.AspNetCore.Routing.Abstractions\Microsoft.AspNetCore.Routing.Abstractions.xproj", "{ED253B01-24F1-43D1-AA0B-079391E105A9}"
EndProject
Project("{8BB2217D-0F2D-49D1-97BC-3654ED321F3B}") = "Microsoft.AspNetCore.Routing.DecisionTree.Sources", "..\..\Github-public\Routing\src\Microsoft.AspNetCore.Routing.DecisionTree.Sources\Microsoft.AspNetCore.Routing.DecisionTree.Sources.xproj", "{ABD5AA59-6000-4A3D-A54F-4B636F725AE8}"
EndProject
Global
	GlobalSection(SolutionConfigurationPlatforms) = preSolution
		Debug|Any CPU = Debug|Any CPU
		Release|Any CPU = Release|Any CPU
	EndGlobalSection
	GlobalSection(ProjectConfigurationPlatforms) = postSolution
		{BAA6A4A3-FFA0-4EAE-9D64-D6E24CF8B3E8}.Debug|Any CPU.ActiveCfg = Debug|Any CPU
		{BAA6A4A3-FFA0-4EAE-9D64-D6E24CF8B3E8}.Debug|Any CPU.Build.0 = Debug|Any CPU
		{BAA6A4A3-FFA0-4EAE-9D64-D6E24CF8B3E8}.Release|Any CPU.ActiveCfg = Release|Any CPU
		{BAA6A4A3-FFA0-4EAE-9D64-D6E24CF8B3E8}.Release|Any CPU.Build.0 = Release|Any CPU
		{A3B909DA-A6DF-4FC6-9CAF-228E932916E7}.Debug|Any CPU.ActiveCfg = Debug|Any CPU
		{A3B909DA-A6DF-4FC6-9CAF-228E932916E7}.Debug|Any CPU.Build.0 = Debug|Any CPU
		{A3B909DA-A6DF-4FC6-9CAF-228E932916E7}.Release|Any CPU.ActiveCfg = Release|Any CPU
		{A3B909DA-A6DF-4FC6-9CAF-228E932916E7}.Release|Any CPU.Build.0 = Release|Any CPU
		{1EE54D32-6CED-4206-ACF5-3DC1DD39D228}.Debug|Any CPU.ActiveCfg = Debug|Any CPU
		{1EE54D32-6CED-4206-ACF5-3DC1DD39D228}.Debug|Any CPU.Build.0 = Debug|Any CPU
		{1EE54D32-6CED-4206-ACF5-3DC1DD39D228}.Release|Any CPU.ActiveCfg = Release|Any CPU
		{1EE54D32-6CED-4206-ACF5-3DC1DD39D228}.Release|Any CPU.Build.0 = Release|Any CPU
		{ED253B01-24F1-43D1-AA0B-079391E105A9}.Debug|Any CPU.ActiveCfg = Debug|Any CPU
		{ED253B01-24F1-43D1-AA0B-079391E105A9}.Debug|Any CPU.Build.0 = Debug|Any CPU
		{ED253B01-24F1-43D1-AA0B-079391E105A9}.Release|Any CPU.ActiveCfg = Release|Any CPU
		{ED253B01-24F1-43D1-AA0B-079391E105A9}.Release|Any CPU.Build.0 = Release|Any CPU
		{ABD5AA59-6000-4A3D-A54F-4B636F725AE8}.Debug|Any CPU.ActiveCfg = Debug|Any CPU
		{ABD5AA59-6000-4A3D-A54F-4B636F725AE8}.Debug|Any CPU.Build.0 = Debug|Any CPU
		{ABD5AA59-6000-4A3D-A54F-4B636F725AE8}.Release|Any CPU.ActiveCfg = Release|Any CPU
		{ABD5AA59-6000-4A3D-A54F-4B636F725AE8}.Release|Any CPU.Build.0 = Release|Any CPU
	EndGlobalSection
	GlobalSection(SolutionProperties) = preSolution
		HideSolutionNode = FALSE
	EndGlobalSection
	GlobalSection(NestedProjects) = preSolution
		{BAA6A4A3-FFA0-4EAE-9D64-D6E24CF8B3E8} = {81A2D4BF-5C42-4DB9-8BC9-A1F1FCA7E009}
		{A3B909DA-A6DF-4FC6-9CAF-228E932916E7} = {8DC01ED2-E4BF-4051-993E-6BCD60FCA453}
	EndGlobalSection
EndGlobal
